
Microsoft Visual Studio Solution File, Format Version 12.00
# Visual Studio 15
VisualStudioVersion = 15.0.28307.489
MinimumVisualStudioVersion = 10.0.40219.1
Project("{E24C65DC-7377-472B-9ABA-BC803B73C61A}") = "期末報告", "期末報告\", "{7FC17DBD-715D-4D7A-BA2E-7AA8098A0686}"
	ProjectSection(WebsiteProperties) = preProject
		TargetFrameworkMoniker = ".NETFramework,Version%3Dv4.6.1"
		Debug.AspNetCompiler.VirtualPath = "/localhost_50296"
		Debug.AspNetCompiler.PhysicalPath = "期末報告\"
		Debug.AspNetCompiler.TargetPath = "PrecompiledWeb\localhost_50296\"
		Debug.AspNetCompiler.Updateable = "true"
		Debug.AspNetCompiler.ForceOverwrite = "true"
		Debug.AspNetCompiler.FixedNames = "false"
		Debug.AspNetCompiler.Debug = "True"
		Release.AspNetCompiler.VirtualPath = "/localhost_50296"
		Release.AspNetCompiler.PhysicalPath = "期末報告\"
		Release.AspNetCompiler.TargetPath = "PrecompiledWeb\localhost_50296\"
		Release.AspNetCompiler.Updateable = "true"
		Release.AspNetCompiler.ForceOverwrite = "true"
		Release.AspNetCompiler.FixedNames = "false"
		Release.AspNetCompiler.Debug = "False"
		VWDPort = "50296"
		SlnRelativePath = "期末報告\"
		DefaultWebSiteLanguage = "Visual C#"
	EndProjectSection
EndProject
Global
	GlobalSection(SolutionConfigurationPlatforms) = preSolution
		Debug|Any CPU = Debug|Any CPU
	EndGlobalSection
	GlobalSection(ProjectConfigurationPlatforms) = postSolution
		{7FC17DBD-715D-4D7A-BA2E-7AA8098A0686}.Debug|Any CPU.ActiveCfg = Debug|Any CPU
		{7FC17DBD-715D-4D7A-BA2E-7AA8098A0686}.Debug|Any CPU.Build.0 = Debug|Any CPU
	EndGlobalSection
	GlobalSection(SolutionProperties) = preSolution
		HideSolutionNode = FALSE
	EndGlobalSection
	GlobalSection(ExtensibilityGlobals) = postSolution
		SolutionGuid = {1E69E66F-A695-4524-93FF-1B26C08542CE}
	EndGlobalSection
EndGlobal
